
Microsoft Visual Studio Solution File, Format Version 12.00
# Visual Studio Version 17
VisualStudioVersion = 17.7.34009.444
MinimumVisualStudioVersion = 10.0.40219.1
Project("{FAE04EC0-301F-11D3-BF4B-00C04F79EFBC}") = "2doParcial_AP1RonellIntento.Server", "Server\2doParcial_AP1RonellIntento.Server.csproj", "{2F32BE61-754B-464E-8249-214E6F4568A7}"
EndProject
Project("{FAE04EC0-301F-11D3-BF4B-00C04F79EFBC}") = "2doParcial_AP1RonellIntento.Client", "Client\2doParcial_AP1RonellIntento.Client.csproj", "{E370D355-5211-4018-8CBD-9F502349BEA7}"
EndProject
Project("{FAE04EC0-301F-11D3-BF4B-00C04F79EFBC}") = "2doParcial_AP1RonellIntento.Shared", "Shared\2doParcial_AP1RonellIntento.Shared.csproj", "{12124335-5BF0-4FCC-BFA2-7808CA9E7445}"
EndProject
Global
	GlobalSection(SolutionConfigurationPlatforms) = preSolution
		Debug|Any CPU = Debug|Any CPU
		Release|Any CPU = Release|Any CPU
	EndGlobalSection
	GlobalSection(ProjectConfigurationPlatforms) = postSolution
		{2F32BE61-754B-464E-8249-214E6F4568A7}.Debug|Any CPU.ActiveCfg = Debug|Any CPU
		{2F32BE61-754B-464E-8249-214E6F4568A7}.Debug|Any CPU.Build.0 = Debug|Any CPU
		{2F32BE61-754B-464E-8249-214E6F4568A7}.Release|Any CPU.ActiveCfg = Release|Any CPU
		{2F32BE61-754B-464E-8249-214E6F4568A7}.Release|Any CPU.Build.0 = Release|Any CPU
		{E370D355-5211-4018-8CBD-9F502349BEA7}.Debug|Any CPU.ActiveCfg = Debug|Any CPU
		{E370D355-5211-4018-8CBD-9F502349BEA7}.Debug|Any CPU.Build.0 = Debug|Any CPU
		{E370D355-5211-4018-8CBD-9F502349BEA7}.Release|Any CPU.ActiveCfg = Release|Any CPU
		{E370D355-5211-4018-8CBD-9F502349BEA7}.Release|Any CPU.Build.0 = Release|Any CPU
		{12124335-5BF0-4FCC-BFA2-7808CA9E7445}.Debug|Any CPU.ActiveCfg = Debug|Any CPU
		{12124335-5BF0-4FCC-BFA2-7808CA9E7445}.Debug|Any CPU.Build.0 = Debug|Any CPU
		{12124335-5BF0-4FCC-BFA2-7808CA9E7445}.Release|Any CPU.ActiveCfg = Release|Any CPU
		{12124335-5BF0-4FCC-BFA2-7808CA9E7445}.Release|Any CPU.Build.0 = Release|Any CPU
	EndGlobalSection
	GlobalSection(SolutionProperties) = preSolution
		HideSolutionNode = FALSE
	EndGlobalSection
	GlobalSection(ExtensibilityGlobals) = postSolution
		SolutionGuid = {471AA409-CE8F-46E6-AEA6-D6CAB085E0CA}
	EndGlobalSection
EndGlobal
